{
  "name": "section7",
  "version": "1.0.0",
  "lockfileVersion": 2,
  "requires": true,
  "packages": {
    "": {
      "name": "section7",
      "version": "1.0.0",
      "license": "ISC",
      "dependencies": {
        "@types/node": "^22.6.1"
      },
      "devDependencies": {}
    },
    "node_modules/@types/node": {
      "version": "22.6.1",
      "license": "MIT",
      "dependencies": {
        "undici-types": "~6.19.2"
      }
    },
    "node_modules/undici-types": {
      "version": "6.19.8",
      "license": "MIT"
    }
  },
  "dependencies": {
    "@types/node": {
      "version": "22.6.1",
      "requires": {
        "undici-types": "~6.19.2"
      }
    },
    "undici-types": {
      "version": "6.19.8"
    }
  }
}
